
Microsoft Visual Studio Solution File, Format Version 12.00
# Visual Studio Version 17
VisualStudioVersion = 17.2.32616.157
MinimumVisualStudioVersion = 10.0.40219.1
Project("{9A19103F-16F7-4668-BE54-9A1E7A4F7556}") = "Calculator", "Calculator\Calculator.csproj", "{1EC21CD4-5612-4A41-9A5B-063AF809BBBB}"
EndProject
Project("{9A19103F-16F7-4668-BE54-9A1E7A4F7556}") = "CalculatorTestSuite.Test", "CalculatorTestSuite.Test\CalculatorTestSuite.Test.csproj", "{6F6D04AA-19C4-470E-ADC3-CECE8631A9CE}"
EndProject
Global
	GlobalSection(SolutionConfigurationPlatforms) = preSolution
		Debug|Any CPU = Debug|Any CPU
		Release|Any CPU = Release|Any CPU
	EndGlobalSection
	GlobalSection(ProjectConfigurationPlatforms) = postSolution
		{1EC21CD4-5612-4A41-9A5B-063AF809BBBB}.Debug|Any CPU.ActiveCfg = Debug|Any CPU
		{1EC21CD4-5612-4A41-9A5B-063AF809BBBB}.Debug|Any CPU.Build.0 = Debug|Any CPU
		{1EC21CD4-5612-4A41-9A5B-063AF809BBBB}.Release|Any CPU.ActiveCfg = Release|Any CPU
		{1EC21CD4-5612-4A41-9A5B-063AF809BBBB}.Release|Any CPU.Build.0 = Release|Any CPU
		{6F6D04AA-19C4-470E-ADC3-CECE8631A9CE}.Debug|Any CPU.ActiveCfg = Debug|Any CPU
		{6F6D04AA-19C4-470E-ADC3-CECE8631A9CE}.Debug|Any CPU.Build.0 = Debug|Any CPU
		{6F6D04AA-19C4-470E-ADC3-CECE8631A9CE}.Release|Any CPU.ActiveCfg = Release|Any CPU
		{6F6D04AA-19C4-470E-ADC3-CECE8631A9CE}.Release|Any CPU.Build.0 = Release|Any CPU
	EndGlobalSection
	GlobalSection(SolutionProperties) = preSolution
		HideSolutionNode = FALSE
	EndGlobalSection
	GlobalSection(ExtensibilityGlobals) = postSolution
		SolutionGuid = {14D2F7E5-9B1F-46CE-A75C-808DAC3C989F}
	EndGlobalSection
EndGlobal
